<?xml version="1.0" encoding="utf-8"?>
<Project ToolsVersion="4.0" xmlns="http://schemas.microsoft.com/developer/msbuild/2003">
  <ItemGroup>
    <Filter Include="Source Files">
      <UniqueIdentifier>{7b2589d6-f525-4454-a390-fcfb371b10ce}</UniqueIdentifier>
      <Extensions>cpp;c;cxx;rc;def;r;odl;idl;hpj;bat;for;f90</Extensions>
    </Filter>
    <Filter Include="Header Files">
      <UniqueIdentifier>{3db469b3-0bd9-426a-8c47-76fb3d2be47a}</UniqueIdentifier>
      <Extensions>h;hpp;hxx;hm;inl;fi;fd</Extensions>
    </Filter>
    <Filter Include="Source Files\public">
      <UniqueIdentifier>{96d674ea-871c-4361-b50b-c296b846f77d}</UniqueIdentifier>
    </Filter>
    <Filter Include="Header Files\public">
      <UniqueIdentifier>{d5b11a8a-7392-4773-99ba-760fb9564806}</UniqueIdentifier>
    </Filter>
    <Filter Include="Header Files\public\BaseUI">
      <UniqueIdentifier>{e7bacd6e-dc3d-4eec-9d97-fa61252b43f3}</UniqueIdentifier>
    </Filter>
    <Filter Include="Header Files\public\cl_dll">
      <UniqueIdentifier>{6a68e65d-638e-463b-aa93-eeaaa0829750}</UniqueIdentifier>
    </Filter>
    <Filter Include="Header Files\common">
      <UniqueIdentifier>{222d6849-4418-427b-82c4-6c32e3c61682}</UniqueIdentifier>
    </Filter>
    <Filter Include="Header Files\common\GameUI">
      <UniqueIdentifier>{7600f2ba-2123-4f7d-b53c-97deb117c1e7}</UniqueIdentifier>
    </Filter>
    <Filter Include="Source Files\public\tier0">
      <UniqueIdentifier>{92e095a0-e681-4b12-8f25-bd2661eae50d}</UniqueIdentifier>
    </Filter>
    <Filter Include="Source Files\TEST">
      <UniqueIdentifier>{b4ced7e8-5e1a-4676-a88a-262ce2a15269}</UniqueIdentifier>
    </Filter>
    <Filter Include="Source Files\common">
      <UniqueIdentifier>{bb061f4e-2c4f-4b41-a98d-53cd4a73bcfc}</UniqueIdentifier>
    </Filter>
    <Filter Include="Source Files\common\GameUI">
      <UniqueIdentifier>{57241c04-b8f7-4610-9938-f0b7bb5044fa}</UniqueIdentifier>
    </Filter>
    <Filter Include="Source Files\TrackerUI">
      <UniqueIdentifier>{ba7e931e-e1d5-428c-aa3f-da40fd99691e}</UniqueIdentifier>
    </Filter>
    <Filter Include="Source Files\TrackerUI\common">
      <UniqueIdentifier>{02796111-a89f-4dab-83c8-4fa24a9910c7}</UniqueIdentifier>
    </Filter>
  </ItemGroup>
  <ItemGroup>
    <ClCompile Include="BackgroundMenuButton.cpp">
      <Filter>Source Files</Filter>
    </ClCompile>
    <ClCompile Include="BasePanel.cpp">
      <Filter>Source Files</Filter>
    </ClCompile>
    <ClCompile Include="BitmapImagePanel.cpp">
      <Filter>Source Files</Filter>
    </ClCompile>
    <ClCompile Include="ChangeGameDialog.cpp">
      <Filter>Source Files</Filter>
    </ClCompile>
    <ClCompile Include="CommandCheckButton.cpp">
      <Filter>Source Files</Filter>
    </ClCompile>
    <ClCompile Include="ContentControlDialog.cpp">
      <Filter>Source Files</Filter>
    </ClCompile>
    <ClCompile Include="CreateMultiplayerGameBotPage.cpp">
      <Filter>Source Files</Filter>
    </ClCompile>
    <ClCompile Include="CreateMultiplayerGameDialog.cpp">
      <Filter>Source Files</Filter>
    </ClCompile>
    <ClCompile Include="CreateMultiplayerGameGameplayPage.cpp">
      <Filter>Source Files</Filter>
    </ClCompile>
    <ClCompile Include="CreateMultiplayerGameServerPage.cpp">
      <Filter>Source Files</Filter>
    </ClCompile>
    <ClCompile Include="CvarNegateCheckButton.cpp">
      <Filter>Source Files</Filter>
    </ClCompile>
    <ClCompile Include="CvarSlider.cpp">
      <Filter>Source Files</Filter>
    </ClCompile>
    <ClCompile Include="CvarTextEntry.cpp">
      <Filter>Source Files</Filter>
    </ClCompile>
    <ClCompile Include="CvarToggleCheckButton.cpp">
      <Filter>Source Files</Filter>
    </ClCompile>
    <ClCompile Include="DemoEditDialog.cpp">
      <Filter>Source Files</Filter>
    </ClCompile>
    <ClCompile Include="DemoEventsDialog.cpp">
      <Filter>Source Files</Filter>
    </ClCompile>
    <ClCompile Include="DemoPlayerDialog.cpp">
      <Filter>Source Files</Filter>
    </ClCompile>
    <ClCompile Include="DemoPlayerFileDialog.cpp">
      <Filter>Source Files</Filter>
    </ClCompile>
    <ClCompile Include="GameApp.cpp">
      <Filter>Source Files</Filter>
    </ClCompile>
    <ClCompile Include="GameConsole.cpp">
      <Filter>Source Files</Filter>
    </ClCompile>
    <ClCompile Include="GameConsoleDialog.cpp">
      <Filter>Source Files</Filter>
    </ClCompile>
    <ClCompile Include="GameMenuButton.cpp">
      <Filter>Source Files</Filter>
    </ClCompile>
    <ClCompile Include="GameUI_Interface.cpp">
      <Filter>Source Files</Filter>
    </ClCompile>
    <ClCompile Include="HelpDialog.cpp">
      <Filter>Source Files</Filter>
    </ClCompile>
    <ClCompile Include="KeyToggleCheckButton.cpp">
      <Filter>Source Files</Filter>
    </ClCompile>
    <ClCompile Include="LabeledComboBox.cpp">
      <Filter>Source Files</Filter>
    </ClCompile>
    <ClCompile Include="LabeledCommandComboBox.cpp">
      <Filter>Source Files</Filter>
    </ClCompile>
    <ClCompile Include="LoadGameDialog.cpp">
      <Filter>Source Files</Filter>
    </ClCompile>
    <ClCompile Include="LoadingDialog.cpp">
      <Filter>Source Files</Filter>
    </ClCompile>
    <ClCompile Include="LogoFile.cpp">
      <Filter>Source Files</Filter>
    </ClCompile>
    <ClCompile Include="ModInfo.cpp">
      <Filter>Source Files</Filter>
    </ClCompile>
    <ClCompile Include="MultiplayerAdvancedDialog.cpp">
      <Filter>Source Files</Filter>
    </ClCompile>
    <ClCompile Include="MultiplayerCustomizeDialog.cpp">
      <Filter>Source Files</Filter>
    </ClCompile>
    <ClCompile Include="NewGameDialog.cpp">
      <Filter>Source Files</Filter>
    </ClCompile>
    <ClCompile Include="OptionsDialog.cpp">
      <Filter>Source Files</Filter>
    </ClCompile>
    <ClCompile Include="OptionsSubAdvanced.cpp">
      <Filter>Source Files</Filter>
    </ClCompile>
    <ClCompile Include="OptionsSubAudio.cpp">
      <Filter>Source Files</Filter>
    </ClCompile>
    <ClCompile Include="OptionsSubKeyboard.cpp">
      <Filter>Source Files</Filter>
    </ClCompile>
    <ClCompile Include="OptionsSubMouse.cpp">
      <Filter>Source Files</Filter>
    </ClCompile>
    <ClCompile Include="OptionsSubMultiplayer.cpp">
      <Filter>Source Files</Filter>
    </ClCompile>
    <ClCompile Include="OptionsSubVideo.cpp">
      <Filter>Source Files</Filter>
    </ClCompile>
    <ClCompile Include="OptionsSubVoice.cpp">
      <Filter>Source Files</Filter>
    </ClCompile>
    <ClCompile Include="PanelListPanel.cpp">
      <Filter>Source Files</Filter>
    </ClCompile>
    <ClCompile Include="PlayerListDialog.cpp">
      <Filter>Source Files</Filter>
    </ClCompile>
    <ClCompile Include="RunGameEngine.cpp">
      <Filter>Source Files</Filter>
    </ClCompile>
    <ClCompile Include="SaveGameDialog.cpp">
      <Filter>Source Files</Filter>
    </ClCompile>
    <ClCompile Include="ScriptObject.cpp">
      <Filter>Source Files</Filter>
    </ClCompile>
    <ClCompile Include="SteamPasswordDialog.cpp">
      <Filter>Source Files</Filter>
    </ClCompile>
    <ClCompile Include="Sys_Utils.cpp">
      <Filter>Source Files</Filter>
    </ClCompile>
    <ClCompile Include="Taskbar.cpp">
      <Filter>Source Files</Filter>
    </ClCompile>
    <ClCompile Include="TaskButton.cpp">
      <Filter>Source Files</Filter>
    </ClCompile>
    <ClCompile Include="vcontrolslistpanel.cpp">
      <Filter>Source Files</Filter>
    </ClCompile>
    <ClCompile Include="VGuiSystemModuleLoader.cpp">
      <Filter>Source Files</Filter>
    </ClCompile>
    <ClCompile Include="..\public\checksum_md5.cpp">
      <Filter>Source Files\public</Filter>
    </ClCompile>
    <ClCompile Include="..\public\convar.cpp">
      <Filter>Source Files\public</Filter>
    </ClCompile>
    <ClCompile Include="..\public\interface.cpp">
      <Filter>Source Files\public</Filter>
    </ClCompile>
    <ClCompile Include="..\public\utlbuffer.cpp">
      <Filter>Source Files\public</Filter>
    </ClCompile>
    <ClCompile Include="..\public\utlsymbol.cpp">
      <Filter>Source Files\public</Filter>
    </ClCompile>
    <ClCompile Include="..\common\GameUI\Random.cpp">
      <Filter>Source Files\common\GameUI</Filter>
    </ClCompile>
    <ClCompile Include="..\common\GameUI\ObjectList.cpp">
      <Filter>Source Files\common\GameUI</Filter>
    </ClCompile>
    <ClCompile Include="..\Tracker\common\netapi.cpp">
      <Filter>Source Files\TrackerUI\common</Filter>
    </ClCompile>
    <ClCompile Include="..\Tracker\common\msgbuffer.cpp">
      <Filter>Source Files\TrackerUI\common</Filter>
    </ClCompile>
    <ClCompile Include="..\Tracker\common\Socket.cpp">
      <Filter>Source Files\TrackerUI\common</Filter>
    </ClCompile>
    <ClCompile Include="..\public\mempool.cpp">
      <Filter>Source Files\public</Filter>
    </ClCompile>
  </ItemGroup>
  <ItemGroup>
    <ClInclude Include="..\public\cl_dll\IGameClientExports.h">
      <Filter>Header Files\public\cl_dll</Filter>
    </ClInclude>
    <ClInclude Include="..\public\BaseUI\IBaseUI.h">
      <Filter>Header Files\public\BaseUI</Filter>
    </ClInclude>
    <ClInclude Include="..\common\GameUI\IGameConsole.h">
      <Filter>Header Files\common\GameUI</Filter>
    </ClInclude>
    <ClInclude Include="..\public\interface.h">
      <Filter>Header Files\public</Filter>
    </ClInclude>
  </ItemGroup>
</Project>