<?xml version="1.0" encoding="utf-8"?>
<Project ToolsVersion="4.0" xmlns="http://schemas.microsoft.com/developer/msbuild/2003">
  <ItemGroup>
    <Filter Include="Source Files">
      <UniqueIdentifier>{7b2589d6-f525-4454-a390-fcfb371b10ce}</UniqueIdentifier>
      <Extensions>cpp;c;cxx;rc;def;r;odl;idl;hpj;bat;for;f90</Extensions>
    </Filter>
    <Filter Include="Header Files">
      <UniqueIdentifier>{3db469b3-0bd9-426a-8c47-76fb3d2be47a}</UniqueIdentifier>
      <Extensions>h;hpp;hxx;hm;inl;fi;fd</Extensions>
    </Filter>
    <Filter Include="Source Files\entity">
      <UniqueIdentifier>{e7f91e23-842b-4279-a30b-5f44691e0505}</UniqueIdentifier>
    </Filter>
    <Filter Include="Source Files\weapon">
      <UniqueIdentifier>{96382ab1-de34-481f-bae9-d7439c0563ce}</UniqueIdentifier>
    </Filter>
    <Filter Include="Source Files\game_shared">
      <UniqueIdentifier>{3b8ba337-5638-4369-b716-6e69de14bd1e}</UniqueIdentifier>
    </Filter>
    <Filter Include="Source Files\config">
      <UniqueIdentifier>{52cc3c6b-7519-4698-95d6-18763c716cc6}</UniqueIdentifier>
    </Filter>
    <Filter Include="Source Files\pm_shared">
      <UniqueIdentifier>{bb908d1e-694c-453c-8b04-06be095d8f63}</UniqueIdentifier>
    </Filter>
    <Filter Include="Source Files\common">
      <UniqueIdentifier>{342236b7-d235-43c9-b58d-f4a1fc4023cf}</UniqueIdentifier>
    </Filter>
    <Filter Include="Header Files\common">
      <UniqueIdentifier>{040ec082-0a69-4915-b6c7-bd444842f915}</UniqueIdentifier>
    </Filter>
    <Filter Include="Header Files\config">
      <UniqueIdentifier>{3c6ec3f7-f184-4a9e-a0cd-b40aa25dcd19}</UniqueIdentifier>
    </Filter>
    <Filter Include="Header Files\entity">
      <UniqueIdentifier>{0540a468-6565-431e-b1bf-43b2f2d3ceeb}</UniqueIdentifier>
    </Filter>
    <Filter Include="Header Files\game_shared">
      <UniqueIdentifier>{57f16ddd-8eee-4447-a0cd-073f12d9e6b3}</UniqueIdentifier>
    </Filter>
    <Filter Include="Header Files\pm_shared">
      <UniqueIdentifier>{34ad8eb5-3133-4cb9-a632-09af508e7cf6}</UniqueIdentifier>
    </Filter>
    <Filter Include="Header Files\weapon">
      <UniqueIdentifier>{af2568a0-2333-4462-9fb6-bfdcd2d340c7}</UniqueIdentifier>
    </Filter>
  </ItemGroup>
  <ItemGroup>
    <ClCompile Include="weapon\chumtoadweapon.cpp">
      <Filter>Source Files\weapon</Filter>
    </ClCompile>
    <ClCompile Include="weapon\crossbow.cpp">
      <Filter>Source Files\weapon</Filter>
    </ClCompile>
    <ClCompile Include="weapon\crowbar.cpp">
      <Filter>Source Files\weapon</Filter>
    </ClCompile>
    <ClCompile Include="weapon\egon.cpp">
      <Filter>Source Files\weapon</Filter>
    </ClCompile>
    <ClCompile Include="weapon\gauss.cpp">
      <Filter>Source Files\weapon</Filter>
    </ClCompile>
    <ClCompile Include="weapon\glock.cpp">
      <Filter>Source Files\weapon</Filter>
    </ClCompile>
    <ClCompile Include="weapon\handgrenade.cpp">
      <Filter>Source Files\weapon</Filter>
    </ClCompile>
    <ClCompile Include="weapon\hornetgun.cpp">
      <Filter>Source Files\weapon</Filter>
    </ClCompile>
    <ClCompile Include="weapon\mp5.cpp">
      <Filter>Source Files\weapon</Filter>
    </ClCompile>
    <ClCompile Include="weapon\python.cpp">
      <Filter>Source Files\weapon</Filter>
    </ClCompile>
    <ClCompile Include="weapon\rpg.cpp">
      <Filter>Source Files\weapon</Filter>
    </ClCompile>
    <ClCompile Include="weapon\satchel.cpp">
      <Filter>Source Files\weapon</Filter>
    </ClCompile>
    <ClCompile Include="weapon\shotgun.cpp">
      <Filter>Source Files\weapon</Filter>
    </ClCompile>
    <ClCompile Include="weapon\squeak.cpp">
      <Filter>Source Files\weapon</Filter>
    </ClCompile>
    <ClCompile Include="weapon\tripmine.cpp">
      <Filter>Source Files\weapon</Filter>
    </ClCompile>
    <ClCompile Include="..\pm_shared\pm_debug.c">
      <Filter>Source Files\pm_shared</Filter>
    </ClCompile>
    <ClCompile Include="..\pm_shared\pm_math.c">
      <Filter>Source Files\pm_shared</Filter>
    </ClCompile>
    <ClCompile Include="..\pm_shared\pm_printout.c">
      <Filter>Source Files\pm_shared</Filter>
    </ClCompile>
    <ClCompile Include="..\pm_shared\pm_shared.c">
      <Filter>Source Files\pm_shared</Filter>
    </ClCompile>
    <ClCompile Include="..\game_shared\voice_gamemgr.cpp">
      <Filter>Source Files\game_shared</Filter>
    </ClCompile>
    <ClCompile Include="..\game_shared\util\util_entity.cpp">
      <Filter>Source Files\game_shared</Filter>
    </ClCompile>
    <ClCompile Include="..\game_shared\util\util_printout.cpp">
      <Filter>Source Files\game_shared</Filter>
    </ClCompile>
    <ClCompile Include="..\game_shared\util\util_shared.cpp">
      <Filter>Source Files\game_shared</Filter>
    </ClCompile>
    <ClCompile Include="..\game_shared\util\util_version.cpp">
      <Filter>Source Files\game_shared</Filter>
    </ClCompile>
    <ClCompile Include="entity\aflock.cpp">
      <Filter>Source Files\entity</Filter>
    </ClCompile>
    <ClCompile Include="entity\agrunt.cpp">
      <Filter>Source Files\entity</Filter>
    </ClCompile>
    <ClCompile Include="entity\airtank.cpp">
      <Filter>Source Files\entity</Filter>
    </ClCompile>
    <ClCompile Include="entity\animating.cpp">
      <Filter>Source Files\entity</Filter>
    </ClCompile>
    <ClCompile Include="entity\apache.cpp">
      <Filter>Source Files\entity</Filter>
    </ClCompile>
    <ClCompile Include="entity\archer.cpp">
      <Filter>Source Files\entity</Filter>
    </ClCompile>
    <ClCompile Include="entity\archer_ball.cpp">
      <Filter>Source Files\entity</Filter>
    </ClCompile>
    <ClCompile Include="entity\barnacle.cpp">
      <Filter>Source Files\entity</Filter>
    </ClCompile>
    <ClCompile Include="entity\barney.cpp">
      <Filter>Source Files\entity</Filter>
    </ClCompile>
    <ClCompile Include="entity\bigmomma.cpp">
      <Filter>Source Files\entity</Filter>
    </ClCompile>
    <ClCompile Include="entity\bmodels.cpp">
      <Filter>Source Files\entity</Filter>
    </ClCompile>
    <ClCompile Include="entity\bullsquid.cpp">
      <Filter>Source Files\entity</Filter>
    </ClCompile>
    <ClCompile Include="entity\buttons.cpp">
      <Filter>Source Files\entity</Filter>
    </ClCompile>
    <ClCompile Include="entity\chumtoad.cpp">
      <Filter>Source Files\entity</Filter>
    </ClCompile>
    <ClCompile Include="entity\controller.cpp">
      <Filter>Source Files\entity</Filter>
    </ClCompile>
    <ClCompile Include="entity\controller_head_ball.cpp">
      <Filter>Source Files\entity</Filter>
    </ClCompile>
    <ClCompile Include="entity\controller_zap_ball.cpp">
      <Filter>Source Files\entity</Filter>
    </ClCompile>
    <ClCompile Include="entity\crossbowbolt.cpp">
      <Filter>Source Files\entity</Filter>
    </ClCompile>
    <ClCompile Include="entity\doors.cpp">
      <Filter>Source Files\entity</Filter>
    </ClCompile>
    <ClCompile Include="entity\effects.cpp">
      <Filter>Source Files\entity</Filter>
    </ClCompile>
    <ClCompile Include="entity\explode.cpp">
      <Filter>Source Files\entity</Filter>
    </ClCompile>
    <ClCompile Include="entity\floater.cpp">
      <Filter>Source Files\entity</Filter>
    </ClCompile>
    <ClCompile Include="entity\flyingmonster.cpp">
      <Filter>Source Files\entity</Filter>
    </ClCompile>
    <ClCompile Include="entity\friendly.cpp">
      <Filter>Source Files\entity</Filter>
    </ClCompile>
    <ClCompile Include="entity\func_break.cpp">
      <Filter>Source Files\entity</Filter>
    </ClCompile>
    <ClCompile Include="entity\func_door_health.cpp">
      <Filter>Source Files\entity</Filter>
    </ClCompile>
    <ClCompile Include="entity\func_tank.cpp">
      <Filter>Source Files\entity</Filter>
    </ClCompile>
    <ClCompile Include="entity\gargantua.cpp">
      <Filter>Source Files\entity</Filter>
    </ClCompile>
    <ClCompile Include="entity\genericmonster.cpp">
      <Filter>Source Files\entity</Filter>
    </ClCompile>
    <ClCompile Include="entity\ggrenade.cpp">
      <Filter>Source Files\entity</Filter>
    </ClCompile>
    <ClCompile Include="entity\gib.cpp">
      <Filter>Source Files\entity</Filter>
    </ClCompile>
    <ClCompile Include="entity\gman.cpp">
      <Filter>Source Files\entity</Filter>
    </ClCompile>
    <ClCompile Include="entity\h_battery.cpp">
      <Filter>Source Files\entity</Filter>
    </ClCompile>
    <ClCompile Include="entity\h_cine.cpp">
      <Filter>Source Files\entity</Filter>
    </ClCompile>
    <ClCompile Include="entity\h_cycler.cpp">
      <Filter>Source Files\entity</Filter>
    </ClCompile>
    <ClCompile Include="entity\hassassin.cpp">
      <Filter>Source Files\entity</Filter>
    </ClCompile>
    <ClCompile Include="entity\hassault.cpp">
      <Filter>Source Files\entity</Filter>
    </ClCompile>
    <ClCompile Include="entity\headcrab.cpp">
      <Filter>Source Files\entity</Filter>
    </ClCompile>
    <ClCompile Include="entity\healthkit.cpp">
      <Filter>Source Files\entity</Filter>
    </ClCompile>
    <ClCompile Include="entity\hgrunt.cpp">
      <Filter>Source Files\entity</Filter>
    </ClCompile>
    <ClCompile Include="entity\hornet.cpp">
      <Filter>Source Files\entity</Filter>
    </ClCompile>
    <ClCompile Include="entity\hornet_kingpin.cpp">
      <Filter>Source Files\entity</Filter>
    </ClCompile>
    <ClCompile Include="entity\houndeye.cpp">
      <Filter>Source Files\entity</Filter>
    </ClCompile>
    <ClCompile Include="entity\ichthyosaur.cpp">
      <Filter>Source Files\entity</Filter>
    </ClCompile>
    <ClCompile Include="entity\islave.cpp">
      <Filter>Source Files\entity</Filter>
    </ClCompile>
    <ClCompile Include="entity\items.cpp">
      <Filter>Source Files\entity</Filter>
    </ClCompile>
    <ClCompile Include="entity\kingpin.cpp">
      <Filter>Source Files\entity</Filter>
    </ClCompile>
    <ClCompile Include="entity\kingpin_ball.cpp">
      <Filter>Source Files\entity</Filter>
    </ClCompile>
    <ClCompile Include="entity\leech.cpp">
      <Filter>Source Files\entity</Filter>
    </ClCompile>
    <ClCompile Include="entity\lights.cpp">
      <Filter>Source Files\entity</Filter>
    </ClCompile>
    <ClCompile Include="entity\maprules.cpp">
      <Filter>Source Files\entity</Filter>
    </ClCompile>
    <ClCompile Include="entity\monstermaker.cpp">
      <Filter>Source Files\entity</Filter>
    </ClCompile>
    <ClCompile Include="entity\mortar.cpp">
      <Filter>Source Files\entity</Filter>
    </ClCompile>
    <ClCompile Include="entity\nihilanth.cpp">
      <Filter>Source Files\entity</Filter>
    </ClCompile>
    <ClCompile Include="entity\nodes.cpp">
      <Filter>Source Files\entity</Filter>
    </ClCompile>
    <ClCompile Include="entity\osprey.cpp">
      <Filter>Source Files\entity</Filter>
    </ClCompile>
    <ClCompile Include="entity\panthereye.cpp">
      <Filter>Source Files\entity</Filter>
    </ClCompile>
    <ClCompile Include="entity\pathcorner.cpp">
      <Filter>Source Files\entity</Filter>
    </ClCompile>
    <ClCompile Include="entity\pickupwalker.cpp">
      <Filter>Source Files\entity</Filter>
    </ClCompile>
    <ClCompile Include="entity\plats.cpp">
      <Filter>Source Files\entity</Filter>
    </ClCompile>
    <ClCompile Include="entity\player.cpp">
      <Filter>Source Files\entity</Filter>
    </ClCompile>
    <ClCompile Include="entity\rat.cpp">
      <Filter>Source Files\entity</Filter>
    </ClCompile>
    <ClCompile Include="entity\roach.cpp">
      <Filter>Source Files\entity</Filter>
    </ClCompile>
    <ClCompile Include="entity\scientist.cpp">
      <Filter>Source Files\entity</Filter>
    </ClCompile>
    <ClCompile Include="entity\scripted.cpp">
      <Filter>Source Files\entity</Filter>
    </ClCompile>
    <ClCompile Include="entity\snapbug.cpp">
      <Filter>Source Files\entity</Filter>
    </ClCompile>
    <ClCompile Include="entity\sound.cpp">
      <Filter>Source Files\entity</Filter>
    </ClCompile>
    <ClCompile Include="entity\soundent.cpp">
      <Filter>Source Files\entity</Filter>
    </ClCompile>
    <ClCompile Include="entity\spectator.cpp">
      <Filter>Source Files\entity</Filter>
    </ClCompile>
    <ClCompile Include="entity\squadmonster.cpp">
      <Filter>Source Files\entity</Filter>
    </ClCompile>
    <ClCompile Include="entity\squidspit.cpp">
      <Filter>Source Files\entity</Filter>
    </ClCompile>
    <ClCompile Include="entity\stukabat.cpp">
      <Filter>Source Files\entity</Filter>
    </ClCompile>
    <ClCompile Include="entity\subs.cpp">
      <Filter>Source Files\entity</Filter>
    </ClCompile>
    <ClCompile Include="entity\talkmonster.cpp">
      <Filter>Source Files\entity</Filter>
    </ClCompile>
    <ClCompile Include="entity\tentacle.cpp">
      <Filter>Source Files\entity</Filter>
    </ClCompile>
    <ClCompile Include="entity\triggers.cpp">
      <Filter>Source Files\entity</Filter>
    </ClCompile>
    <ClCompile Include="entity\turret.cpp">
      <Filter>Source Files\entity</Filter>
    </ClCompile>
    <ClCompile Include="entity\world.cpp">
      <Filter>Source Files\entity</Filter>
    </ClCompile>
    <ClCompile Include="entity\xen.cpp">
      <Filter>Source Files\entity</Filter>
    </ClCompile>
    <ClCompile Include="entity\zombie.cpp">
      <Filter>Source Files\entity</Filter>
    </ClCompile>
    <ClCompile Include="..\config\external_lib_include.cpp">
      <Filter>Source Files\config</Filter>
    </ClCompile>
    <ClCompile Include="..\common\vector.cpp">
      <Filter>Source Files\common</Filter>
    </ClCompile>
    <ClCompile Include="basemonster.cpp">
      <Filter>Source Files</Filter>
    </ClCompile>
    <ClCompile Include="cbase.cpp">
      <Filter>Source Files</Filter>
    </ClCompile>
    <ClCompile Include="client.cpp">
      <Filter>Source Files</Filter>
    </ClCompile>
    <ClCompile Include="client_message.cpp">
      <Filter>Source Files</Filter>
    </ClCompile>
    <ClCompile Include="combat.cpp">
      <Filter>Source Files</Filter>
    </ClCompile>
    <ClCompile Include="decals.cpp">
      <Filter>Source Files</Filter>
    </ClCompile>
    <ClCompile Include="defaultai.cpp">
      <Filter>Source Files</Filter>
    </ClCompile>
    <ClCompile Include="game.cpp">
      <Filter>Source Files</Filter>
    </ClCompile>
    <ClCompile Include="gamerules.cpp">
      <Filter>Source Files</Filter>
    </ClCompile>
    <ClCompile Include="gamerules_multiplay.cpp">
      <Filter>Source Files</Filter>
    </ClCompile>
    <ClCompile Include="gamerules_singleplay.cpp">
      <Filter>Source Files</Filter>
    </ClCompile>
    <ClCompile Include="gamerules_teamplay.cpp">
      <Filter>Source Files</Filter>
    </ClCompile>
    <ClCompile Include="globals.cpp">
      <Filter>Source Files</Filter>
    </ClCompile>
    <ClCompile Include="h_export.cpp">
      <Filter>Source Files</Filter>
    </ClCompile>
    <ClCompile Include="healthmodule.cpp">
      <Filter>Source Files</Filter>
    </ClCompile>
    <ClCompile Include="monstersavestate.cpp">
      <Filter>Source Files</Filter>
    </ClCompile>
    <ClCompile Include="monsterstate.cpp">
      <Filter>Source Files</Filter>
    </ClCompile>
    <ClCompile Include="plane.cpp">
      <Filter>Source Files</Filter>
    </ClCompile>
    <ClCompile Include="schedule.cpp">
      <Filter>Source Files</Filter>
    </ClCompile>
    <ClCompile Include="skill.cpp">
      <Filter>Source Files</Filter>
    </ClCompile>
    <ClCompile Include="util.cpp">
      <Filter>Source Files</Filter>
    </ClCompile>
    <ClCompile Include="util_debugdraw.cpp">
      <Filter>Source Files</Filter>
    </ClCompile>
    <ClCompile Include="util_model.cpp">
      <Filter>Source Files</Filter>
    </ClCompile>
    <ClCompile Include="weapons.cpp">
      <Filter>Source Files</Filter>
    </ClCompile>
    <ClCompile Include="entity\player_extra.cpp">
      <Filter>Source Files\entity</Filter>
    </ClCompile>
  </ItemGroup>
  <ItemGroup>
    <ClInclude Include="..\common\vector.h">
      <Filter>Header Files\common</Filter>
    </ClInclude>
    <ClInclude Include="..\config\build_settings.h">
      <Filter>Header Files\config</Filter>
    </ClInclude>
    <ClInclude Include="..\config\external_lib_include.h">
      <Filter>Header Files\config</Filter>
    </ClInclude>
    <ClInclude Include="..\config\ignore_warning_list.h">
      <Filter>Header Files\config</Filter>
    </ClInclude>
    <ClInclude Include="..\config\version.h">
      <Filter>Header Files\config</Filter>
    </ClInclude>
    <ClInclude Include="entity\animating.h">
      <Filter>Header Files\entity</Filter>
    </ClInclude>
    <ClInclude Include="entity\archer.h">
      <Filter>Header Files\entity</Filter>
    </ClInclude>
    <ClInclude Include="entity\archer_ball.h">
      <Filter>Header Files\entity</Filter>
    </ClInclude>
    <ClInclude Include="entity\barnacle.h">
      <Filter>Header Files\entity</Filter>
    </ClInclude>
    <ClInclude Include="entity\barney.h">
      <Filter>Header Files\entity</Filter>
    </ClInclude>
    <ClInclude Include="entity\basebutton.h">
      <Filter>Header Files\entity</Filter>
    </ClInclude>
    <ClInclude Include="entity\basetoggle.h">
      <Filter>Header Files\entity</Filter>
    </ClInclude>
    <ClInclude Include="entity\chumtoad.h">
      <Filter>Header Files\entity</Filter>
    </ClInclude>
    <ClInclude Include="entity\controller_head_ball.h">
      <Filter>Header Files\entity</Filter>
    </ClInclude>
    <ClInclude Include="entity\controller_zap_ball.h">
      <Filter>Header Files\entity</Filter>
    </ClInclude>
    <ClInclude Include="entity\crossbowbolt.h">
      <Filter>Header Files\entity</Filter>
    </ClInclude>
    <ClInclude Include="entity\doors.h">
      <Filter>Header Files\entity</Filter>
    </ClInclude>
    <ClInclude Include="entity\effects.h">
      <Filter>Header Files\entity</Filter>
    </ClInclude>
    <ClInclude Include="entity\explode.h">
      <Filter>Header Files\entity</Filter>
    </ClInclude>
    <ClInclude Include="entity\floater.h">
      <Filter>Header Files\entity</Filter>
    </ClInclude>
    <ClInclude Include="entity\flyingmonster.h">
      <Filter>Header Files\entity</Filter>
    </ClInclude>
    <ClInclude Include="entity\friendly.h">
      <Filter>Header Files\entity</Filter>
    </ClInclude>
    <ClInclude Include="entity\func_break.h">
      <Filter>Header Files\entity</Filter>
    </ClInclude>
    <ClInclude Include="entity\func_door_health.h">
      <Filter>Header Files\entity</Filter>
    </ClInclude>
    <ClInclude Include="entity\gib.h">
      <Filter>Header Files\entity</Filter>
    </ClInclude>
    <ClInclude Include="entity\hassault.h">
      <Filter>Header Files\entity</Filter>
    </ClInclude>
    <ClInclude Include="entity\healthkit.h">
      <Filter>Header Files\entity</Filter>
    </ClInclude>
    <ClInclude Include="entity\hgrunt.h">
      <Filter>Header Files\entity</Filter>
    </ClInclude>
    <ClInclude Include="entity\hornet.h">
      <Filter>Header Files\entity</Filter>
    </ClInclude>
    <ClInclude Include="entity\hornet_kingpin.h">
      <Filter>Header Files\entity</Filter>
    </ClInclude>
    <ClInclude Include="entity\items.h">
      <Filter>Header Files\entity</Filter>
    </ClInclude>
    <ClInclude Include="entity\kingpin.h">
      <Filter>Header Files\entity</Filter>
    </ClInclude>
    <ClInclude Include="entity\kingpin_ball.h">
      <Filter>Header Files\entity</Filter>
    </ClInclude>
    <ClInclude Include="entity\lights.h">
      <Filter>Header Files\entity</Filter>
    </ClInclude>
    <ClInclude Include="entity\maprules.h">
      <Filter>Header Files\entity</Filter>
    </ClInclude>
    <ClInclude Include="entity\nodes.h">
      <Filter>Header Files\entity</Filter>
    </ClInclude>
    <ClInclude Include="entity\panthereye.h">
      <Filter>Header Files\entity</Filter>
    </ClInclude>
    <ClInclude Include="entity\pickupwalker.h">
      <Filter>Header Files\entity</Filter>
    </ClInclude>
    <ClInclude Include="entity\plats.h">
      <Filter>Header Files\entity</Filter>
    </ClInclude>
    <ClInclude Include="entity\player.h">
      <Filter>Header Files\entity</Filter>
    </ClInclude>
    <ClInclude Include="entity\scientist.h">
      <Filter>Header Files\entity</Filter>
    </ClInclude>
    <ClInclude Include="entity\scripted.h">
      <Filter>Header Files\entity</Filter>
    </ClInclude>
    <ClInclude Include="entity\snapbug.h">
      <Filter>Header Files\entity</Filter>
    </ClInclude>
    <ClInclude Include="entity\soundent.h">
      <Filter>Header Files\entity</Filter>
    </ClInclude>
    <ClInclude Include="entity\spectator.h">
      <Filter>Header Files\entity</Filter>
    </ClInclude>
    <ClInclude Include="entity\squadmonster.h">
      <Filter>Header Files\entity</Filter>
    </ClInclude>
    <ClInclude Include="entity\squidspit.h">
      <Filter>Header Files\entity</Filter>
    </ClInclude>
    <ClInclude Include="entity\stukabat.h">
      <Filter>Header Files\entity</Filter>
    </ClInclude>
    <ClInclude Include="entity\talkmonster.h">
      <Filter>Header Files\entity</Filter>
    </ClInclude>
    <ClInclude Include="entity\trains.h">
      <Filter>Header Files\entity</Filter>
    </ClInclude>
    <ClInclude Include="entity\turret.h">
      <Filter>Header Files\entity</Filter>
    </ClInclude>
    <ClInclude Include="entity\zombie.h">
      <Filter>Header Files\entity</Filter>
    </ClInclude>
    <ClInclude Include="..\game_shared\util\util_version.h">
      <Filter>Header Files\game_shared</Filter>
    </ClInclude>
    <ClInclude Include="..\game_shared\util\util_shared.h">
      <Filter>Header Files\game_shared</Filter>
    </ClInclude>
    <ClInclude Include="..\game_shared\util\util_printout.h">
      <Filter>Header Files\game_shared</Filter>
    </ClInclude>
    <ClInclude Include="..\game_shared\util\util_preprocessor.h">
      <Filter>Header Files\game_shared</Filter>
    </ClInclude>
    <ClInclude Include="..\game_shared\util\util_entity.h">
      <Filter>Header Files\game_shared</Filter>
    </ClInclude>
    <ClInclude Include="..\game_shared\util\cvar_custom_list.h">
      <Filter>Header Files\game_shared</Filter>
    </ClInclude>
    <ClInclude Include="..\game_shared\util\cvar_custom_info.h">
      <Filter>Header Files\game_shared</Filter>
    </ClInclude>
    <ClInclude Include="..\game_shared\util\cvar_custom.h">
      <Filter>Header Files\game_shared</Filter>
    </ClInclude>
    <ClInclude Include="weapon\tripmine.h">
      <Filter>Header Files\weapon</Filter>
    </ClInclude>
    <ClInclude Include="weapon\squeak.h">
      <Filter>Header Files\weapon</Filter>
    </ClInclude>
    <ClInclude Include="weapon\shotgun.h">
      <Filter>Header Files\weapon</Filter>
    </ClInclude>
    <ClInclude Include="weapon\satchel.h">
      <Filter>Header Files\weapon</Filter>
    </ClInclude>
    <ClInclude Include="weapon\rpg.h">
      <Filter>Header Files\weapon</Filter>
    </ClInclude>
    <ClInclude Include="weapon\python.h">
      <Filter>Header Files\weapon</Filter>
    </ClInclude>
    <ClInclude Include="weapon\mp5.h">
      <Filter>Header Files\weapon</Filter>
    </ClInclude>
    <ClInclude Include="weapon\hornetgun.h">
      <Filter>Header Files\weapon</Filter>
    </ClInclude>
    <ClInclude Include="weapon\handgrenade.h">
      <Filter>Header Files\weapon</Filter>
    </ClInclude>
    <ClInclude Include="weapon\glock.h">
      <Filter>Header Files\weapon</Filter>
    </ClInclude>
    <ClInclude Include="weapon\gauss.h">
      <Filter>Header Files\weapon</Filter>
    </ClInclude>
    <ClInclude Include="weapon\egon.h">
      <Filter>Header Files\weapon</Filter>
    </ClInclude>
    <ClInclude Include="weapon\crowbar.h">
      <Filter>Header Files\weapon</Filter>
    </ClInclude>
    <ClInclude Include="weapon\crossbow.h">
      <Filter>Header Files\weapon</Filter>
    </ClInclude>
    <ClInclude Include="weapon\chumtoadweapon.h">
      <Filter>Header Files\weapon</Filter>
    </ClInclude>
    <ClInclude Include="..\pm_shared\pm_shared.h">
      <Filter>Header Files\pm_shared</Filter>
    </ClInclude>
    <ClInclude Include="..\pm_shared\pm_printout.h">
      <Filter>Header Files\pm_shared</Filter>
    </ClInclude>
    <ClInclude Include="..\pm_shared\pm_movevars.h">
      <Filter>Header Files\pm_shared</Filter>
    </ClInclude>
    <ClInclude Include="..\pm_shared\pm_materials.h">
      <Filter>Header Files\pm_shared</Filter>
    </ClInclude>
    <ClInclude Include="..\pm_shared\pm_info.h">
      <Filter>Header Files\pm_shared</Filter>
    </ClInclude>
    <ClInclude Include="..\pm_shared\pm_defs.h">
      <Filter>Header Files\pm_shared</Filter>
    </ClInclude>
    <ClInclude Include="..\pm_shared\pm_debug.h">
      <Filter>Header Files\pm_shared</Filter>
    </ClInclude>
    <ClInclude Include="entity\gargantua.h">
      <Filter>Header Files\entity</Filter>
    </ClInclude>
    <ClInclude Include="entity\player_extra.h">
      <Filter>Header Files\entity</Filter>
    </ClInclude>
  </ItemGroup>
</Project>