<?xml version="1.0" encoding="utf-8"?>
<Project ToolsVersion="4.0" xmlns="http://schemas.microsoft.com/developer/msbuild/2003">
  <ItemGroup>
    <Filter Include="Source Files">
      <UniqueIdentifier>{62f28059-9027-4e78-8440-32d97bf46eb8}</UniqueIdentifier>
      <Extensions>cpp;c;cxx;rc;def;r;odl;idl;hpj;bat;for;f90</Extensions>
    </Filter>
    <Filter Include="Source Files\hl">
      <UniqueIdentifier>{331e587a-c837-44a6-8408-cc48576a1742}</UniqueIdentifier>
      <Extensions>*.CPP</Extensions>
    </Filter>
    <Filter Include="Header Files">
      <UniqueIdentifier>{4a631efa-c0da-4abb-ad48-85d6b847ccab}</UniqueIdentifier>
      <Extensions>h;hpp;hxx;hm;inl;fi;fd</Extensions>
    </Filter>
    <Filter Include="Source Files\weapon">
      <UniqueIdentifier>{46d52789-59cb-450c-ba51-0a29f683d8b4}</UniqueIdentifier>
    </Filter>
    <Filter Include="Source Files\hud">
      <UniqueIdentifier>{4cf6a0a1-ba05-41fd-b43c-abe46493aedc}</UniqueIdentifier>
    </Filter>
    <Filter Include="Source Files\pm_shared">
      <UniqueIdentifier>{c972f0b5-b3d9-441a-bc4b-658a0e8360e2}</UniqueIdentifier>
    </Filter>
    <Filter Include="Source Files\game_shared">
      <UniqueIdentifier>{74cf0319-2bb3-4242-a167-c22f04e39055}</UniqueIdentifier>
    </Filter>
    <Filter Include="Source Files\common">
      <UniqueIdentifier>{d6c1f167-a3e7-401f-8b73-01be3df76a71}</UniqueIdentifier>
    </Filter>
    <Filter Include="Source Files\vgui_extra">
      <UniqueIdentifier>{7bc3a7b1-ec1b-4313-8d68-8b166bc6b46c}</UniqueIdentifier>
    </Filter>
    <Filter Include="Source Files\config">
      <UniqueIdentifier>{30115d39-abe4-476a-8a12-0eaf448e9c2f}</UniqueIdentifier>
    </Filter>
    <Filter Include="Header Files\common">
      <UniqueIdentifier>{3790b698-143a-4dd9-b371-0dbeaa8110e0}</UniqueIdentifier>
    </Filter>
    <Filter Include="Header Files\config">
      <UniqueIdentifier>{093c5f44-4d6d-4e1c-b4cf-43aa9f6a0715}</UniqueIdentifier>
    </Filter>
    <Filter Include="Header Files\game_shared">
      <UniqueIdentifier>{9a0861e0-dcf6-4cc0-bfd2-8f316fa0603f}</UniqueIdentifier>
    </Filter>
    <Filter Include="Header Files\hl">
      <UniqueIdentifier>{c9423545-933b-4c36-abfd-80a9664acc2b}</UniqueIdentifier>
    </Filter>
    <Filter Include="Header Files\hud">
      <UniqueIdentifier>{29104ff3-91bf-4e22-90fd-3bddbb3060c8}</UniqueIdentifier>
    </Filter>
    <Filter Include="Header Files\pm_shared">
      <UniqueIdentifier>{ac48183c-7ced-4a3f-991b-2e40c750905d}</UniqueIdentifier>
    </Filter>
    <Filter Include="Header Files\weapon">
      <UniqueIdentifier>{2a64c13f-1873-4224-88db-95e73b76e409}</UniqueIdentifier>
    </Filter>
    <Filter Include="Header Files\vgui_extra">
      <UniqueIdentifier>{59076928-6e41-4479-b071-a8945a85bc1a}</UniqueIdentifier>
    </Filter>
  </ItemGroup>
  <ItemGroup>
    <ClCompile Include="..\dlls\weapon\chumtoadweapon.cpp">
      <Filter>Source Files\weapon</Filter>
    </ClCompile>
    <ClCompile Include="..\dlls\weapon\crossbow.cpp">
      <Filter>Source Files\weapon</Filter>
    </ClCompile>
    <ClCompile Include="..\dlls\weapon\crowbar.cpp">
      <Filter>Source Files\weapon</Filter>
    </ClCompile>
    <ClCompile Include="..\dlls\weapon\egon.cpp">
      <Filter>Source Files\weapon</Filter>
    </ClCompile>
    <ClCompile Include="..\dlls\weapon\gauss.cpp">
      <Filter>Source Files\weapon</Filter>
    </ClCompile>
    <ClCompile Include="..\dlls\weapon\glock.cpp">
      <Filter>Source Files\weapon</Filter>
    </ClCompile>
    <ClCompile Include="..\dlls\weapon\handgrenade.cpp">
      <Filter>Source Files\weapon</Filter>
    </ClCompile>
    <ClCompile Include="..\dlls\weapon\hornetgun.cpp">
      <Filter>Source Files\weapon</Filter>
    </ClCompile>
    <ClCompile Include="..\dlls\weapon\mp5.cpp">
      <Filter>Source Files\weapon</Filter>
    </ClCompile>
    <ClCompile Include="..\dlls\weapon\python.cpp">
      <Filter>Source Files\weapon</Filter>
    </ClCompile>
    <ClCompile Include="..\dlls\weapon\rpg.cpp">
      <Filter>Source Files\weapon</Filter>
    </ClCompile>
    <ClCompile Include="..\dlls\weapon\satchel.cpp">
      <Filter>Source Files\weapon</Filter>
    </ClCompile>
    <ClCompile Include="..\dlls\weapon\shotgun.cpp">
      <Filter>Source Files\weapon</Filter>
    </ClCompile>
    <ClCompile Include="..\dlls\weapon\squeak.cpp">
      <Filter>Source Files\weapon</Filter>
    </ClCompile>
    <ClCompile Include="..\dlls\weapon\tripmine.cpp">
      <Filter>Source Files\weapon</Filter>
    </ClCompile>
    <ClCompile Include="hud\ammo.cpp">
      <Filter>Source Files\hud</Filter>
    </ClCompile>
    <ClCompile Include="hud\ammo_secondary.cpp">
      <Filter>Source Files\hud</Filter>
    </ClCompile>
    <ClCompile Include="hud\ammohistory.cpp">
      <Filter>Source Files\hud</Filter>
    </ClCompile>
    <ClCompile Include="hud\battery.cpp">
      <Filter>Source Files\hud</Filter>
    </ClCompile>
    <ClCompile Include="hud\death.cpp">
      <Filter>Source Files\hud</Filter>
    </ClCompile>
    <ClCompile Include="hud\flashlight.cpp">
      <Filter>Source Files\hud</Filter>
    </ClCompile>
    <ClCompile Include="hud\geiger.cpp">
      <Filter>Source Files\hud</Filter>
    </ClCompile>
    <ClCompile Include="hud\health.cpp">
      <Filter>Source Files\hud</Filter>
    </ClCompile>
    <ClCompile Include="hud\hud_spectator.cpp">
      <Filter>Source Files\hud</Filter>
    </ClCompile>
    <ClCompile Include="hud\menu.cpp">
      <Filter>Source Files\hud</Filter>
    </ClCompile>
    <ClCompile Include="hud\message.cpp">
      <Filter>Source Files\hud</Filter>
    </ClCompile>
    <ClCompile Include="hud\pain.cpp">
      <Filter>Source Files\hud</Filter>
    </ClCompile>
    <ClCompile Include="hud\saytext.cpp">
      <Filter>Source Files\hud</Filter>
    </ClCompile>
    <ClCompile Include="hud\status_icons.cpp">
      <Filter>Source Files\hud</Filter>
    </ClCompile>
    <ClCompile Include="hud\statusbar.cpp">
      <Filter>Source Files\hud</Filter>
    </ClCompile>
    <ClCompile Include="hud\text_message.cpp">
      <Filter>Source Files\hud</Filter>
    </ClCompile>
    <ClCompile Include="hud\train.cpp">
      <Filter>Source Files\hud</Filter>
    </ClCompile>
    <ClCompile Include="hl\cl_player.cpp">
      <Filter>Source Files\hl</Filter>
    </ClCompile>
    <ClCompile Include="hl\cl_weapons.cpp">
      <Filter>Source Files\hl</Filter>
    </ClCompile>
    <ClCompile Include="hl\hl_baseentity.cpp">
      <Filter>Source Files\hl</Filter>
    </ClCompile>
    <ClCompile Include="hl\hl_events.cpp">
      <Filter>Source Files\hl</Filter>
    </ClCompile>
    <ClCompile Include="hl\hl_objects.cpp">
      <Filter>Source Files\hl</Filter>
    </ClCompile>
    <ClCompile Include="hl\hl_weapons.cpp">
      <Filter>Source Files\hl</Filter>
    </ClCompile>
    <ClCompile Include="cdll_int.cpp">
      <Filter>Source Files</Filter>
    </ClCompile>
    <ClCompile Include="cl_util.cpp">
      <Filter>Source Files</Filter>
    </ClCompile>
    <ClCompile Include="custom_message.cpp">
      <Filter>Source Files</Filter>
    </ClCompile>
    <ClCompile Include="demo.cpp">
      <Filter>Source Files</Filter>
    </ClCompile>
    <ClCompile Include="entity.cpp">
      <Filter>Source Files</Filter>
    </ClCompile>
    <ClCompile Include="ev_common.cpp">
      <Filter>Source Files</Filter>
    </ClCompile>
    <ClCompile Include="ev_hldm.cpp">
      <Filter>Source Files</Filter>
    </ClCompile>
    <ClCompile Include="events.cpp">
      <Filter>Source Files</Filter>
    </ClCompile>
    <ClCompile Include="GameStudioModelRenderer.cpp">
      <Filter>Source Files</Filter>
    </ClCompile>
    <ClCompile Include="hud.cpp">
      <Filter>Source Files</Filter>
    </ClCompile>
    <ClCompile Include="hud_redraw.cpp">
      <Filter>Source Files</Filter>
    </ClCompile>
    <ClCompile Include="hud_servers.cpp">
      <Filter>Source Files</Filter>
    </ClCompile>
    <ClCompile Include="hud_update.cpp">
      <Filter>Source Files</Filter>
    </ClCompile>
    <ClCompile Include="in_camera.cpp">
      <Filter>Source Files</Filter>
    </ClCompile>
    <ClCompile Include="input.cpp">
      <Filter>Source Files</Filter>
    </ClCompile>
    <ClCompile Include="inputw32.cpp">
      <Filter>Source Files</Filter>
    </ClCompile>
    <ClCompile Include="parsemsg.cpp">
      <Filter>Source Files</Filter>
    </ClCompile>
    <ClCompile Include="studio_util.cpp">
      <Filter>Source Files</Filter>
    </ClCompile>
    <ClCompile Include="StudioModelRenderer.cpp">
      <Filter>Source Files</Filter>
    </ClCompile>
    <ClCompile Include="tri.cpp">
      <Filter>Source Files</Filter>
    </ClCompile>
    <ClCompile Include="vgui_ClassMenu.cpp">
      <Filter>Source Files</Filter>
    </ClCompile>
    <ClCompile Include="vgui_ConsolePanel.cpp">
      <Filter>Source Files</Filter>
    </ClCompile>
    <ClCompile Include="vgui_ControlConfigPanel.cpp">
      <Filter>Source Files</Filter>
    </ClCompile>
    <ClCompile Include="vgui_CustomObjects.cpp">
      <Filter>Source Files</Filter>
    </ClCompile>
    <ClCompile Include="vgui_int.cpp">
      <Filter>Source Files</Filter>
    </ClCompile>
    <ClCompile Include="vgui_MOTDWindow.cpp">
      <Filter>Source Files</Filter>
    </ClCompile>
    <ClCompile Include="vgui_SchemeManager.cpp">
      <Filter>Source Files</Filter>
    </ClCompile>
    <ClCompile Include="vgui_ScorePanel.cpp">
      <Filter>Source Files</Filter>
    </ClCompile>
    <ClCompile Include="vgui_ServerBrowser.cpp">
      <Filter>Source Files</Filter>
    </ClCompile>
    <ClCompile Include="vgui_SpectatorPanel.cpp">
      <Filter>Source Files</Filter>
    </ClCompile>
    <ClCompile Include="vgui_TeamFortressViewport.cpp">
      <Filter>Source Files</Filter>
    </ClCompile>
    <ClCompile Include="vgui_teammenu.cpp">
      <Filter>Source Files</Filter>
    </ClCompile>
    <ClCompile Include="view.cpp">
      <Filter>Source Files</Filter>
    </ClCompile>
    <ClCompile Include="weapons_resource.cpp">
      <Filter>Source Files</Filter>
    </ClCompile>
    <ClCompile Include="..\common\vector.cpp">
      <Filter>Source Files\common</Filter>
    </ClCompile>
    <ClCompile Include="..\game_shared\util\util_version.cpp">
      <Filter>Source Files\game_shared</Filter>
    </ClCompile>
    <ClCompile Include="..\game_shared\util\util_shared.cpp">
      <Filter>Source Files\game_shared</Filter>
    </ClCompile>
    <ClCompile Include="..\game_shared\util\util_printout.cpp">
      <Filter>Source Files\game_shared</Filter>
    </ClCompile>
    <ClCompile Include="..\game_shared\util\util_entity.cpp">
      <Filter>Source Files\game_shared</Filter>
    </ClCompile>
    <ClCompile Include="..\pm_shared\pm_shared.c">
      <Filter>Source Files\pm_shared</Filter>
    </ClCompile>
    <ClCompile Include="..\pm_shared\pm_printout.c">
      <Filter>Source Files\pm_shared</Filter>
    </ClCompile>
    <ClCompile Include="..\pm_shared\pm_math.c">
      <Filter>Source Files\pm_shared</Filter>
    </ClCompile>
    <ClCompile Include="..\pm_shared\pm_debug.c">
      <Filter>Source Files\pm_shared</Filter>
    </ClCompile>
    <ClCompile Include="..\game_shared\vgui_checkbutton2.cpp">
      <Filter>Source Files\vgui_extra</Filter>
    </ClCompile>
    <ClCompile Include="..\game_shared\vgui_grid.cpp">
      <Filter>Source Files\vgui_extra</Filter>
    </ClCompile>
    <ClCompile Include="..\game_shared\vgui_helpers.cpp">
      <Filter>Source Files\vgui_extra</Filter>
    </ClCompile>
    <ClCompile Include="..\game_shared\vgui_listbox.cpp">
      <Filter>Source Files\vgui_extra</Filter>
    </ClCompile>
    <ClCompile Include="..\game_shared\vgui_loadtga.cpp">
      <Filter>Source Files\vgui_extra</Filter>
    </ClCompile>
    <ClCompile Include="..\game_shared\vgui_scrollbar2.cpp">
      <Filter>Source Files\vgui_extra</Filter>
    </ClCompile>
    <ClCompile Include="..\game_shared\vgui_slider2.cpp">
      <Filter>Source Files\vgui_extra</Filter>
    </ClCompile>
    <ClCompile Include="..\game_shared\voice_banmgr.cpp">
      <Filter>Source Files\vgui_extra</Filter>
    </ClCompile>
    <ClCompile Include="..\game_shared\voice_status.cpp">
      <Filter>Source Files\vgui_extra</Filter>
    </ClCompile>
    <ClCompile Include="..\config\external_lib_include.cpp">
      <Filter>Source Files\config</Filter>
    </ClCompile>
  </ItemGroup>
  <ItemGroup>
    <ClInclude Include="..\common\vector.h">
      <Filter>Header Files\common</Filter>
    </ClInclude>
    <ClInclude Include="..\config\build_settings.h">
      <Filter>Header Files\config</Filter>
    </ClInclude>
    <ClInclude Include="..\config\external_lib_include.h">
      <Filter>Header Files\config</Filter>
    </ClInclude>
    <ClInclude Include="..\config\ignore_warning_list.h">
      <Filter>Header Files\config</Filter>
    </ClInclude>
    <ClInclude Include="..\config\version.h">
      <Filter>Header Files\config</Filter>
    </ClInclude>
    <ClInclude Include="..\game_shared\util\cvar_custom.h">
      <Filter>Header Files\game_shared</Filter>
    </ClInclude>
    <ClInclude Include="..\game_shared\util\cvar_custom_info.h">
      <Filter>Header Files\game_shared</Filter>
    </ClInclude>
    <ClInclude Include="..\game_shared\util\cvar_custom_list.h">
      <Filter>Header Files\game_shared</Filter>
    </ClInclude>
    <ClInclude Include="..\game_shared\util\util_entity.h">
      <Filter>Header Files\game_shared</Filter>
    </ClInclude>
    <ClInclude Include="..\game_shared\util\util_preprocessor.h">
      <Filter>Header Files\game_shared</Filter>
    </ClInclude>
    <ClInclude Include="..\game_shared\util\util_printout.h">
      <Filter>Header Files\game_shared</Filter>
    </ClInclude>
    <ClInclude Include="..\game_shared\util\util_shared.h">
      <Filter>Header Files\game_shared</Filter>
    </ClInclude>
    <ClInclude Include="..\game_shared\util\util_version.h">
      <Filter>Header Files\game_shared</Filter>
    </ClInclude>
    <ClInclude Include="hl\hl_weapons.h">
      <Filter>Header Files\hl</Filter>
    </ClInclude>
    <ClInclude Include="hud\ammo.h">
      <Filter>Header Files\hud</Filter>
    </ClInclude>
    <ClInclude Include="hud\ammohistory.h">
      <Filter>Header Files\hud</Filter>
    </ClInclude>
    <ClInclude Include="hud\health.h">
      <Filter>Header Files\hud</Filter>
    </ClInclude>
    <ClInclude Include="hud\hud_spectator.h">
      <Filter>Header Files\hud</Filter>
    </ClInclude>
    <ClInclude Include="hud\pain.h">
      <Filter>Header Files\hud</Filter>
    </ClInclude>
    <ClInclude Include="..\dlls\weapon\chumtoadweapon.h">
      <Filter>Header Files\weapon</Filter>
    </ClInclude>
    <ClInclude Include="..\dlls\weapon\crossbow.h">
      <Filter>Header Files\weapon</Filter>
    </ClInclude>
    <ClInclude Include="..\dlls\weapon\crowbar.h">
      <Filter>Header Files\weapon</Filter>
    </ClInclude>
    <ClInclude Include="..\dlls\weapon\egon.h">
      <Filter>Header Files\weapon</Filter>
    </ClInclude>
    <ClInclude Include="..\dlls\weapon\gauss.h">
      <Filter>Header Files\weapon</Filter>
    </ClInclude>
    <ClInclude Include="..\dlls\weapon\glock.h">
      <Filter>Header Files\weapon</Filter>
    </ClInclude>
    <ClInclude Include="..\dlls\weapon\handgrenade.h">
      <Filter>Header Files\weapon</Filter>
    </ClInclude>
    <ClInclude Include="..\dlls\weapon\hornetgun.h">
      <Filter>Header Files\weapon</Filter>
    </ClInclude>
    <ClInclude Include="..\dlls\weapon\mp5.h">
      <Filter>Header Files\weapon</Filter>
    </ClInclude>
    <ClInclude Include="..\dlls\weapon\python.h">
      <Filter>Header Files\weapon</Filter>
    </ClInclude>
    <ClInclude Include="..\dlls\weapon\rpg.h">
      <Filter>Header Files\weapon</Filter>
    </ClInclude>
    <ClInclude Include="..\dlls\weapon\satchel.h">
      <Filter>Header Files\weapon</Filter>
    </ClInclude>
    <ClInclude Include="..\dlls\weapon\shotgun.h">
      <Filter>Header Files\weapon</Filter>
    </ClInclude>
    <ClInclude Include="..\dlls\weapon\squeak.h">
      <Filter>Header Files\weapon</Filter>
    </ClInclude>
    <ClInclude Include="..\dlls\weapon\tripmine.h">
      <Filter>Header Files\weapon</Filter>
    </ClInclude>
    <ClInclude Include="..\pm_shared\pm_debug.h">
      <Filter>Header Files\pm_shared</Filter>
    </ClInclude>
    <ClInclude Include="..\pm_shared\pm_defs.h">
      <Filter>Header Files\pm_shared</Filter>
    </ClInclude>
    <ClInclude Include="..\pm_shared\pm_info.h">
      <Filter>Header Files\pm_shared</Filter>
    </ClInclude>
    <ClInclude Include="..\pm_shared\pm_materials.h">
      <Filter>Header Files\pm_shared</Filter>
    </ClInclude>
    <ClInclude Include="..\pm_shared\pm_movevars.h">
      <Filter>Header Files\pm_shared</Filter>
    </ClInclude>
    <ClInclude Include="..\pm_shared\pm_printout.h">
      <Filter>Header Files\pm_shared</Filter>
    </ClInclude>
    <ClInclude Include="..\pm_shared\pm_shared.h">
      <Filter>Header Files\pm_shared</Filter>
    </ClInclude>
  </ItemGroup>
</Project>